
Microsoft Visual Studio Solution File, Format Version 12.00
# Visual Studio Version 16
VisualStudioVersion = 16.0.28803.352
MinimumVisualStudioVersion = 10.0.40219.1
Project("{9A19103F-16F7-4668-BE54-9A1E7A4F7556}") = "1_Chronometer", "1_Chronometer\1_Chronometer.csproj", "{B2ED0E0B-68DD-4A03-9B98-32B753947F13}"
EndProject
Project("{9A19103F-16F7-4668-BE54-9A1E7A4F7556}") = "2_Parallel_MergeSort", "2_Parallel_MergeSort\2_Parallel_MergeSort.csproj", "{8C89EC37-C26B-429F-BAA6-01F943561DCD}"
EndProject
Project("{9A19103F-16F7-4668-BE54-9A1E7A4F7556}") = "3_AsynchronousSISWebServer", "3_AsynchronousSISWebServer\3_AsynchronousSISWebServer.csproj", "{43C76C89-ED44-4E79-8A7B-A1061CD1FE04}"
EndProject
Project("{FAE04EC0-301F-11D3-BF4B-00C04F79EFBC}") = "SandBox", "SandBox\SandBox.csproj", "{C53636FE-14A1-4E1F-B628-9340E0DE3855}"
EndProject
Global
	GlobalSection(SolutionConfigurationPlatforms) = preSolution
		Debug|Any CPU = Debug|Any CPU
		Release|Any CPU = Release|Any CPU
	EndGlobalSection
	GlobalSection(ProjectConfigurationPlatforms) = postSolution
		{B2ED0E0B-68DD-4A03-9B98-32B753947F13}.Debug|Any CPU.ActiveCfg = Debug|Any CPU
		{B2ED0E0B-68DD-4A03-9B98-32B753947F13}.Debug|Any CPU.Build.0 = Debug|Any CPU
		{B2ED0E0B-68DD-4A03-9B98-32B753947F13}.Release|Any CPU.ActiveCfg = Release|Any CPU
		{B2ED0E0B-68DD-4A03-9B98-32B753947F13}.Release|Any CPU.Build.0 = Release|Any CPU
		{8C89EC37-C26B-429F-BAA6-01F943561DCD}.Debug|Any CPU.ActiveCfg = Debug|Any CPU
		{8C89EC37-C26B-429F-BAA6-01F943561DCD}.Debug|Any CPU.Build.0 = Debug|Any CPU
		{8C89EC37-C26B-429F-BAA6-01F943561DCD}.Release|Any CPU.ActiveCfg = Release|Any CPU
		{8C89EC37-C26B-429F-BAA6-01F943561DCD}.Release|Any CPU.Build.0 = Release|Any CPU
		{43C76C89-ED44-4E79-8A7B-A1061CD1FE04}.Debug|Any CPU.ActiveCfg = Debug|Any CPU
		{43C76C89-ED44-4E79-8A7B-A1061CD1FE04}.Debug|Any CPU.Build.0 = Debug|Any CPU
		{43C76C89-ED44-4E79-8A7B-A1061CD1FE04}.Release|Any CPU.ActiveCfg = Release|Any CPU
		{43C76C89-ED44-4E79-8A7B-A1061CD1FE04}.Release|Any CPU.Build.0 = Release|Any CPU
		{C53636FE-14A1-4E1F-B628-9340E0DE3855}.Debug|Any CPU.ActiveCfg = Debug|Any CPU
		{C53636FE-14A1-4E1F-B628-9340E0DE3855}.Debug|Any CPU.Build.0 = Debug|Any CPU
		{C53636FE-14A1-4E1F-B628-9340E0DE3855}.Release|Any CPU.ActiveCfg = Release|Any CPU
		{C53636FE-14A1-4E1F-B628-9340E0DE3855}.Release|Any CPU.Build.0 = Release|Any CPU
	EndGlobalSection
	GlobalSection(SolutionProperties) = preSolution
		HideSolutionNode = FALSE
	EndGlobalSection
	GlobalSection(ExtensibilityGlobals) = postSolution
		SolutionGuid = {5BAA1B45-3851-445A-82A3-651291D7E575}
	EndGlobalSection
EndGlobal
